
Microsoft Visual Studio Solution File, Format Version 12.00
# Visual Studio Version 17
VisualStudioVersion = 17.10.35027.167
MinimumVisualStudioVersion = 10.0.40219.1
Project("{FAE04EC0-301F-11D3-BF4B-00C04F79EFBC}") = "prySilvaER4", "prySilvaER4\prySilvaER4.csproj", "{92A5157E-DD61-4294-B77C-7C6C64EAA463}"
EndProject
Global
	GlobalSection(SolutionConfigurationPlatforms) = preSolution
		Debug|Any CPU = Debug|Any CPU
		Release|Any CPU = Release|Any CPU
	EndGlobalSection
	GlobalSection(ProjectConfigurationPlatforms) = postSolution
		{92A5157E-DD61-4294-B77C-7C6C64EAA463}.Debug|Any CPU.ActiveCfg = Debug|Any CPU
		{92A5157E-DD61-4294-B77C-7C6C64EAA463}.Debug|Any CPU.Build.0 = Debug|Any CPU
		{92A5157E-DD61-4294-B77C-7C6C64EAA463}.Release|Any CPU.ActiveCfg = Release|Any CPU
		{92A5157E-DD61-4294-B77C-7C6C64EAA463}.Release|Any CPU.Build.0 = Release|Any CPU
	EndGlobalSection
	GlobalSection(SolutionProperties) = preSolution
		HideSolutionNode = FALSE
	EndGlobalSection
	GlobalSection(ExtensibilityGlobals) = postSolution
		SolutionGuid = {D2340CC1-0CA1-43FD-86E3-5410732F71C1}
	EndGlobalSection
EndGlobal
